
Microsoft Visual Studio Solution File, Format Version 12.00
# Visual Studio Version 17
VisualStudioVersion = 17.7.34221.43
MinimumVisualStudioVersion = 10.0.40219.1
Project("{FAE04EC0-301F-11D3-BF4B-00C04F79EFBC}") = "Frontend (MudBlazor)", "Frontend (MudBlazor)\Frontend (MudBlazor).csproj", "{551D3865-CE96-44C7-A5A1-897C113D1B31}"
EndProject
Project("{FAE04EC0-301F-11D3-BF4B-00C04F79EFBC}") = "Backend API", "Backend API\Backend API.csproj", "{33CD3AE7-6D0A-4DAE-B21C-3879904F2821}"
EndProject
Global
	GlobalSection(SolutionConfigurationPlatforms) = preSolution
		Debug|Any CPU = Debug|Any CPU
		Release|Any CPU = Release|Any CPU
	EndGlobalSection
	GlobalSection(ProjectConfigurationPlatforms) = postSolution
		{551D3865-CE96-44C7-A5A1-897C113D1B31}.Debug|Any CPU.ActiveCfg = Debug|Any CPU
		{551D3865-CE96-44C7-A5A1-897C113D1B31}.Debug|Any CPU.Build.0 = Debug|Any CPU
		{551D3865-CE96-44C7-A5A1-897C113D1B31}.Release|Any CPU.ActiveCfg = Release|Any CPU
		{551D3865-CE96-44C7-A5A1-897C113D1B31}.Release|Any CPU.Build.0 = Release|Any CPU
		{33CD3AE7-6D0A-4DAE-B21C-3879904F2821}.Debug|Any CPU.ActiveCfg = Debug|Any CPU
		{33CD3AE7-6D0A-4DAE-B21C-3879904F2821}.Debug|Any CPU.Build.0 = Debug|Any CPU
		{33CD3AE7-6D0A-4DAE-B21C-3879904F2821}.Release|Any CPU.ActiveCfg = Release|Any CPU
		{33CD3AE7-6D0A-4DAE-B21C-3879904F2821}.Release|Any CPU.Build.0 = Release|Any CPU
	EndGlobalSection
	GlobalSection(SolutionProperties) = preSolution
		HideSolutionNode = FALSE
	EndGlobalSection
	GlobalSection(ExtensibilityGlobals) = postSolution
		SolutionGuid = {FFE71D3C-8F7E-40D4-9E9C-3361FF417C78}
	EndGlobalSection
EndGlobal
